
Microsoft Visual Studio Solution File, Format Version 12.00
# Visual Studio 14
VisualStudioVersion = 14.0.25420.1
MinimumVisualStudioVersion = 10.0.40219.1
Project("{FAE04EC0-301F-11D3-BF4B-00C04F79EFBC}") = "DRAKEFileCompare", "DRAKEFileCompare\DRAKEFileCompare.csproj", "{35E122D6-1453-44DE-8FBC-A9EDD67A974E}"
EndProject
Project("{FAE04EC0-301F-11D3-BF4B-00C04F79EFBC}") = "DRAKEFileCompareTest", "DRAKEFileCompareTest\DRAKEFileCompareTest.csproj", "{1BC11AA1-64AA-44C2-AD4F-75958B00D5A1}"
EndProject
Global
	GlobalSection(SolutionConfigurationPlatforms) = preSolution
		Debug|Any CPU = Debug|Any CPU
		Release|Any CPU = Release|Any CPU
	EndGlobalSection
	GlobalSection(ProjectConfigurationPlatforms) = postSolution
		{35E122D6-1453-44DE-8FBC-A9EDD67A974E}.Debug|Any CPU.ActiveCfg = Debug|Any CPU
		{35E122D6-1453-44DE-8FBC-A9EDD67A974E}.Debug|Any CPU.Build.0 = Debug|Any CPU
		{35E122D6-1453-44DE-8FBC-A9EDD67A974E}.Release|Any CPU.ActiveCfg = Release|Any CPU
		{35E122D6-1453-44DE-8FBC-A9EDD67A974E}.Release|Any CPU.Build.0 = Release|Any CPU
		{1BC11AA1-64AA-44C2-AD4F-75958B00D5A1}.Debug|Any CPU.ActiveCfg = Debug|Any CPU
		{1BC11AA1-64AA-44C2-AD4F-75958B00D5A1}.Debug|Any CPU.Build.0 = Debug|Any CPU
		{1BC11AA1-64AA-44C2-AD4F-75958B00D5A1}.Release|Any CPU.ActiveCfg = Release|Any CPU
		{1BC11AA1-64AA-44C2-AD4F-75958B00D5A1}.Release|Any CPU.Build.0 = Release|Any CPU
	EndGlobalSection
	GlobalSection(SolutionProperties) = preSolution
		HideSolutionNode = FALSE
	EndGlobalSection
EndGlobal
